
Microsoft Visual Studio Solution File, Format Version 12.00
# Visual Studio Version 17
VisualStudioVersion = 17.14.36025.13 d17.14
MinimumVisualStudioVersion = 10.0.40219.1
Project("{FAE04EC0-301F-11D3-BF4B-00C04F79EFBC}") = "An ongoing project", "An ongoing project.csproj", "{290A9837-2B01-4D5B-A43D-38560FC3CD88}"
EndProject
Global
	GlobalSection(SolutionConfigurationPlatforms) = preSolution
		Debug|Any CPU = Debug|Any CPU
		Release|Any CPU = Release|Any CPU
	EndGlobalSection
	GlobalSection(ProjectConfigurationPlatforms) = postSolution
		{290A9837-2B01-4D5B-A43D-38560FC3CD88}.Debug|Any CPU.ActiveCfg = Debug|Any CPU
		{290A9837-2B01-4D5B-A43D-38560FC3CD88}.Debug|Any CPU.Build.0 = Debug|Any CPU
		{290A9837-2B01-4D5B-A43D-38560FC3CD88}.Release|Any CPU.ActiveCfg = Release|Any CPU
		{290A9837-2B01-4D5B-A43D-38560FC3CD88}.Release|Any CPU.Build.0 = Release|Any CPU
	EndGlobalSection
	GlobalSection(SolutionProperties) = preSolution
		HideSolutionNode = FALSE
	EndGlobalSection
	GlobalSection(ExtensibilityGlobals) = postSolution
		SolutionGuid = {3B4B82E8-4425-4BA7-B44A-C3BC001F9A20}
	EndGlobalSection
EndGlobal
